
Microsoft Visual Studio Solution File, Format Version 12.00
# Visual Studio Version 16
VisualStudioVersion = 16.0.809.4
MinimumVisualStudioVersion = 10.0.40219.1
Project("{FAE04EC0-301F-11D3-BF4B-00C04F79EFBC}") = "CSharpLanguageFeatures", "CSharpLanguageFeatures\CSharpLanguageFeatures.csproj", "{6DA7E14E-ED91-4C5A-A79C-E19F787DFA13}"
EndProject
Project("{FAE04EC0-301F-11D3-BF4B-00C04F79EFBC}") = "UserDefinedTypes", "UserDefinedTypes\UserDefinedTypes.csproj", "{2AC3F650-39B5-407B-894B-681B9711C414}"
EndProject
Global
	GlobalSection(SolutionConfigurationPlatforms) = preSolution
		Debug|Any CPU = Debug|Any CPU
		Release|Any CPU = Release|Any CPU
	EndGlobalSection
	GlobalSection(ProjectConfigurationPlatforms) = postSolution
		{6DA7E14E-ED91-4C5A-A79C-E19F787DFA13}.Debug|Any CPU.ActiveCfg = Debug|Any CPU
		{6DA7E14E-ED91-4C5A-A79C-E19F787DFA13}.Debug|Any CPU.Build.0 = Debug|Any CPU
		{6DA7E14E-ED91-4C5A-A79C-E19F787DFA13}.Release|Any CPU.ActiveCfg = Release|Any CPU
		{6DA7E14E-ED91-4C5A-A79C-E19F787DFA13}.Release|Any CPU.Build.0 = Release|Any CPU
		{2AC3F650-39B5-407B-894B-681B9711C414}.Debug|Any CPU.ActiveCfg = Debug|Any CPU
		{2AC3F650-39B5-407B-894B-681B9711C414}.Debug|Any CPU.Build.0 = Debug|Any CPU
		{2AC3F650-39B5-407B-894B-681B9711C414}.Release|Any CPU.ActiveCfg = Release|Any CPU
		{2AC3F650-39B5-407B-894B-681B9711C414}.Release|Any CPU.Build.0 = Release|Any CPU
	EndGlobalSection
	GlobalSection(SolutionProperties) = preSolution
		HideSolutionNode = FALSE
	EndGlobalSection
	GlobalSection(ExtensibilityGlobals) = postSolution
		SolutionGuid = {E8A81012-8830-4DCD-B2A4-AC9130CED63E}
	EndGlobalSection
EndGlobal
